
Microsoft Visual Studio Solution File, Format Version 12.00
# Visual Studio Version 17
VisualStudioVersion = 17.7.34031.279
MinimumVisualStudioVersion = 10.0.40219.1
Project("{9A19103F-16F7-4668-BE54-9A1E7A4F7556}") = "CEESP_software", "CEESP_software\CEESP_software.csproj", "{7EF09010-A913-41CA-AF3C-C2927380E7AD}"
EndProject
Project("{54435603-DBB4-11D2-8724-00A0C9A8B90C}") = "Installer", "CEESP_software\Instalador\Installer\Installer.vdproj", "{6CC27926-8FDD-49CA-AA94-4725137E72BC}"
EndProject
Global
	GlobalSection(SolutionConfigurationPlatforms) = preSolution
		Debug|Any CPU = Debug|Any CPU
		Release|Any CPU = Release|Any CPU
	EndGlobalSection
	GlobalSection(ProjectConfigurationPlatforms) = postSolution
		{7EF09010-A913-41CA-AF3C-C2927380E7AD}.Debug|Any CPU.ActiveCfg = Debug|Any CPU
		{7EF09010-A913-41CA-AF3C-C2927380E7AD}.Debug|Any CPU.Build.0 = Debug|Any CPU
		{7EF09010-A913-41CA-AF3C-C2927380E7AD}.Release|Any CPU.ActiveCfg = Release|Any CPU
		{7EF09010-A913-41CA-AF3C-C2927380E7AD}.Release|Any CPU.Build.0 = Release|Any CPU
		{6CC27926-8FDD-49CA-AA94-4725137E72BC}.Debug|Any CPU.ActiveCfg = Debug
		{6CC27926-8FDD-49CA-AA94-4725137E72BC}.Release|Any CPU.ActiveCfg = Release
	EndGlobalSection
	GlobalSection(SolutionProperties) = preSolution
		HideSolutionNode = FALSE
	EndGlobalSection
	GlobalSection(ExtensibilityGlobals) = postSolution
		SolutionGuid = {A5CE8783-1BC4-4369-9DDD-90ED9F1D24A3}
	EndGlobalSection
EndGlobal
